lockfileVersion: '9.0'

settings:
  autoInstallPeers: true
  excludeLinksFromLockfile: false

importers:

  .:
    dependencies:
      '@axe-core/playwright':
        specifier: 4.10.1
        version: 4.10.1(playwright-core@1.56.0)
      pixelmatch:
        specifier: 6.0.0
        version: 6.0.0
      playwright:
        specifier: 1.56.0
        version: 1.56.0
      pngjs:
        specifier: 7.0.0
        version: 7.0.0

packages:

  '@axe-core/playwright@4.10.1':
    resolution: {integrity: sha512-EV5t39VV68kuAfMKqb/RL+YjYKhfuGim9rgIaQ6Vntb2HgaCaau0h98Y3WEUqW1+PbdzxDtDNjFAipbtZuBmEA==}
    peerDependencies:
      playwright-core: '>= 1.0.0'

  axe-core@4.10.3:
    resolution: {integrity: sha512-Xm7bpRXnDSX2YE2YFfBk2FnF0ep6tmG7xPh8iHee8MIcrgq762Nkce856dYtJYLkuIoYZvGfTs/PbZhideTcEg==}
    engines: {node: '>=4'}

  fsevents@2.3.2:
    resolution: {integrity: sha512-xiqMQR4xAeHTuB9uWm+fFRcIOgKBMiOBP+eXiyT7jsgVCq1bkVygt00oASowB7EdtpOHaaPgKt812P9ab+DDKA==}
    engines: {node: ^8.16.0 || ^10.6.0 || >=11.0.0}
    os: [darwin]

  pixelmatch@6.0.0:
    resolution: {integrity: sha512-FYpL4XiIWakTnIqLqvt3uN4L9B3TsuHIvhLILzTiJZMJUsGvmKNeL4H3b6I99LRyerK9W4IuOXw+N28AtRgK2g==}
    hasBin: true

  playwright-core@1.56.0:
    resolution: {integrity: sha512-1SXl7pMfemAMSDn5rkPeZljxOCYAmQnYLBTExuh6E8USHXGSX3dx6lYZN/xPpTz1vimXmPA9CDnILvmJaB8aSQ==}
    engines: {node: '>=18'}
    hasBin: true

  playwright@1.56.0:
    resolution: {integrity: sha512-X5Q1b8lOdWIE4KAoHpW3SE8HvUB+ZZsUoN64ZhjnN8dOb1UpujxBtENGiZFE+9F/yhzJwYa+ca3u43FeLbboHA==}
    engines: {node: '>=18'}
    hasBin: true

  pngjs@7.0.0:
    resolution: {integrity: sha512-LKWqWJRhstyYo9pGvgor/ivk2w94eSjE3RGVuzLGlr3NmD8bf7RcYGze1mNdEHRP6TRP6rMuDHk5t44hnTRyow==}
    engines: {node: '>=14.19.0'}

snapshots:

  '@axe-core/playwright@4.10.1(playwright-core@1.56.0)':
    dependencies:
      axe-core: 4.10.3
      playwright-core: 1.56.0

  axe-core@4.10.3: {}

  fsevents@2.3.2:
    optional: true

  pixelmatch@6.0.0:
    dependencies:
      pngjs: 7.0.0

  playwright-core@1.56.0: {}

  playwright@1.56.0:
    dependencies:
      playwright-core: 1.56.0
    optionalDependencies:
      fsevents: 2.3.2

  pngjs@7.0.0: {}
